
Microsoft Visual Studio Solution File, Format Version 12.00
# Visual Studio Version 16
VisualStudioVersion = 16.0.29123.88
MinimumVisualStudioVersion = 10.0.40219.1
Project("{FAE04EC0-301F-11D3-BF4B-00C04F79EFBC}") = "101-Salvando versões-comandos add,commit,status,log", "101-Salvando versões-comandos add,commit,status,log.csproj", "{D67CB738-CF3A-4177-AF34-39D7F7204F9D}"
EndProject
Global
	GlobalSection(SolutionConfigurationPlatforms) = preSolution
		Debug|Any CPU = Debug|Any CPU
		Release|Any CPU = Release|Any CPU
	EndGlobalSection
	GlobalSection(ProjectConfigurationPlatforms) = postSolution
		{D67CB738-CF3A-4177-AF34-39D7F7204F9D}.Debug|Any CPU.ActiveCfg = Debug|Any CPU
		{D67CB738-CF3A-4177-AF34-39D7F7204F9D}.Debug|Any CPU.Build.0 = Debug|Any CPU
		{D67CB738-CF3A-4177-AF34-39D7F7204F9D}.Release|Any CPU.ActiveCfg = Release|Any CPU
		{D67CB738-CF3A-4177-AF34-39D7F7204F9D}.Release|Any CPU.Build.0 = Release|Any CPU
	EndGlobalSection
	GlobalSection(SolutionProperties) = preSolution
		HideSolutionNode = FALSE
	EndGlobalSection
	GlobalSection(ExtensibilityGlobals) = postSolution
		SolutionGuid = {8420D877-1E24-4689-9D90-7DA773FEAEA7}
	EndGlobalSection
EndGlobal
